// !$*UTF8*$!
{
	archiveVersion = 1;
	classes = {
	};
	objectVersion = 46;
	objects = {

/* Begin PBXBuildFile section */
		20952D151F5AAD860066D2F1 /* AppDelegate.swift in Sources */ = {isa = PBXBuildFile; fileRef = 20952D141F5AAD860066D2F1 /* AppDelegate.swift */; };
		20952D171F5AAD860066D2F1 /* ViewController.swift in Sources */ = {isa = PBXBuildFile; fileRef = 20952D161F5AAD860066D2F1 /* ViewController.swift */; };
		20952D1A1F5AAD860066D2F1 /* Main.storyboard in Resources */ = {isa = PBXBuildFile; fileRef = 20952D181F5AAD860066D2F1 /* Main.storyboard */; };
		20952D1D1F5AAD860066D2F1 /* coredataexample.xcdatamodeld in Sources */ = {isa = PBXBuildFile; fileRef = 20952D1B1F5AAD860066D2F1 /* coredataexample.xcdatamodeld */; };
		20952D1F1F5AAD860066D2F1 /* Assets.xcassets in Resources */ = {isa = PBXBuildFile; fileRef = 20952D1E1F5AAD860066D2F1 /* Assets.xcassets */; };
		20952D221F5AAD860066D2F1 /* LaunchScreen.storyboard in Resources */ = {isa = PBXBuildFile; fileRef = 20952D201F5AAD860066D2F1 /* LaunchScreen.storyboard */; };
/* End PBXBuildFile section */

/* Begin PBXFileReference section */
		20952D111F5AAD860066D2F1 /* coredataexample.app */ = {isa = PBXFileReference; explicitFileType = wrapper.application; includeInIndex = 0; path = coredataexample.app; sourceTree = BUILT_PRODUCTS_DIR; };
		20952D141F5AAD860066D2F1 /* AppDelegate.swift */ = {isa = PBXFileReference; lastKnownFileType = sourcecode.swift; path = AppDelegate.swift; sourceTree = "<group>"; };
		20952D161F5AAD860066D2F1 /* ViewController.swift */ = {isa = PBXFileReference; lastKnownFileType = sourcecode.swift; path = ViewController.swift; sourceTree = "<group>"; };
		20952D191F5AAD860066D2F1 /* Base */ = {isa = PBXFileReference; lastKnownFileType = file.storyboard; name = Base; path = Base.lproj/Main.storyboard; sourceTree = "<group>"; };
		20952D1C1F5AAD860066D2F1 /* coredataexample.xcdatamodel */ = {isa = PBXFileReference; lastKnownFileType = wrapper.xcdatamodel; path = coredataexample.xcdatamodel; sourceTree = "<group>"; };
		20952D1E1F5AAD860066D2F1 /* Assets.xcassets */ = {isa = PBXFileReference; lastKnownFileType = folder.assetcatalog; path = Assets.xcassets; sourceTree = "<group>"; };
		20952D211F5AAD860066D2F1 /* Base */ = {isa = PBXFileReference; lastKnownFileType = file.storyboard; name = Base; path = Base.lproj/LaunchScreen.storyboard; sourceTree = "<group>"; };
		20952D231F5AAD860066D2F1 /* Info.plist */ = {isa = PBXFileReference; lastKnownFileType = text.plist.xml; path = Info.plist; sourceTree = "<group>"; };
/* End PBXFileReference section */

/* Begin PBXFrameworksBuildPhase section */
		20952D0E1F5AAD860066D2F1 /* Frameworks */ = {
			isa = PBXFrameworksBuildPhase;
			buildActionMask = 2147483647;
			files = (
			);
			runOnlyForDeploymentPostprocessing = 0;
		};
/* End PBXFrameworksBuildPhase section */

/* Begin PBXGroup section */
		20952D081F5AAD860066D2F1 = {
			isa = PBXGroup;
			children = (
				20952D131F5AAD860066D2F1 /* coredataexample */,
				20952D121F5AAD860066D2F1 /* Products */,
			);
			sourceTree = "<group>";
		};
		20952D121F5AAD860066D2F1 /* Products */ = {
			isa = PBXGroup;
			children = (
				20952D111F5AAD860066D2F1 /* coredataexample.app */,
			);
			name = Products;
			sourceTree = "<group>";
		};
		20952D131F5AAD860066D2F1 /* coredataexample */ = {
			isa = PBXGroup;
			children = (
				20952D141F5AAD860066D2F1 /* AppDelegate.swift */,
				20952D161F5AAD860066D2F1 /* ViewController.swift */,
				20952D181F5AAD860066D2F1 /* Main.storyboard */,
				20952D1E1F5AAD860066D2F1 /* Assets.xcassets */,
				20952D201F5AAD860066D2F1 /* LaunchScreen.storyboard */,
				20952D231F5AAD860066D2F1 /* Info.plist */,
				20952D1B1F5AAD860066D2F1 /* coredataexample.xcdatamodeld */,
			);
			path = coredataexample;
			sourceTree = "<group>";
		};
/* End PBXGroup section */

/* Begin PBXNativeTarget section */
		20952D101F5AAD860066D2F1 /* coredataexample */ = {
			isa = PBXNativeTarget;
			buildConfigurationList = 20952D261F5AAD860066D2F1 /* Build configuration list for PBXNativeTarget "coredataexample" */;
			buildPhases = (
				20952D0D1F5AAD860066D2F1 /* Sources */,
				20952D0E1F5AAD860066D2F1 /* Frameworks */,
				20952D0F1F5AAD860066D2F1 /* Resources */,
			);
			buildRules = (
			);
			dependencies = (
			);
			name = coredataexample;
			productName = coredataexample;
			productReference = 20952D111F5AAD860066D2F1 /* coredataexample.app */;
			productType = "com.apple.product-type.application";
		};
/* End PBXNativeTarget section */

/* Begin PBXProject section */
		20952D091F5AAD860066D2F1 /* Project object */ = {
			isa = PBXProject;
			attributes = {
				LastSwiftUpdateCheck = 0830;
				LastUpgradeCheck = 0830;
				ORGANIZATIONNAME = "Muhammed Esad Kaya";
				TargetAttributes = {
					20952D101F5AAD860066D2F1 = {
						CreatedOnToolsVersion = 8.3.3;
						ProvisioningStyle = Automatic;
					};
				};
			};
			buildConfigurationList = 20952D0C1F5AAD860066D2F1 /* Build configuration list for PBXProject "coredataexample" */;
			compatibilityVersion = "Xcode 3.2";
			developmentRegion = English;
			hasScannedForEncodings = 0;
			knownRegions = (
				en,
				Base,
			);
			mainGroup = 20952D081F5AAD860066D2F1;
			productRefGroup = 20952D121F5AAD860066D2F1 /* Products */;
			projectDirPath = "";
			projectRoot = "";
			targets = (
				20952D101F5AAD860066D2F1 /* coredataexample */,
			);
		};
/* End PBXProject section */

/* Begin PBXResourcesBuildPhase section */
		20952D0F1F5AAD860066D2F1 /* Resources */ = {
			isa = PBXResourcesBuildPhase;
			buildActionMask = 2147483647;
			files = (
				20952D221F5AAD860066D2F1 /* LaunchScreen.storyboard in Resources */,
				20952D1F1F5AAD860066D2F1 /* Assets.xcassets in Resources */,
				20952D1A1F5AAD860066D2F1 /* Main.storyboard in Resources */,
			);
			runOnlyForDeploymentPostprocessing = 0;
		};
/* End PBXResourcesBuildPhase section */

/* Begin PBXSourcesBuildPhase section */
		20952D0D1F5AAD860066D2F1 /* Sources */ = {
			isa = PBXSourcesBuildPhase;
			buildActionMask = 2147483647;
			files = (
				20952D171F5AAD860066D2F1 /* ViewController.swift in Sources */,
				20952D1D1F5AAD860066D2F1 /* coredataexample.xcdatamodeld in Sources */,
				20952D151F5AAD860066D2F1 /* AppDelegate.swift in Sources */,
			);
			runOnlyForDeploymentPostprocessing = 0;
		};
/* End PBXSourcesBuildPhase section */

/* Begin PBXVariantGroup section */
		20952D181F5AAD860066D2F1 /* Main.storyboard */ = {
			isa = PBXVariantGroup;
			children = (
				20952D191F5AAD860066D2F1 /* Base */,
			);
			name = Main.storyboard;
			sourceTree = "<group>";
		};
		20952D201F5AAD860066D2F1 /* LaunchScreen.storyboard */ = {
			isa = PBXVariantGroup;
			children = (
				20952D211F5AAD860066D2F1 /* Base */,
			);
			name = LaunchScreen.storyboard;
			sourceTree = "<group>";
		};
/* End PBXVariantGroup section */

/* Begin XCBuildConfiguration section */
		20952D241F5AAD860066D2F1 /* Debug */ = {
			isa = XCBuildConfiguration;
			buildSettings = {
				ALWAYS_SEARCH_USER_PATHS = NO;
				CLANG_ANALYZER_NONNULL = YES;
				CLANG_ANALYZER_NUMBER_OBJECT_CONVERSION = YES_AGGRESSIVE;
				CLANG_CXX_LANGUAGE_STANDARD = "gnu++0x";
				CLANG_CXX_LIBRARY = "libc++";
				CLANG_ENABLE_MODULES = YES;
				CLANG_ENABLE_OBJC_ARC = YES;
				CLANG_WARN_BOOL_CONVERSION = YES;
				CLANG_WARN_CONSTANT_CONVERSION = YES;
				CLANG_WARN_DIRECT_OBJC_ISA_USAGE = YES_ERROR;
				CLANG_WARN_DOCUMENTATION_COMMENTS = YES;
				CLANG_WARN_EMPTY_BODY = YES;
				CLANG_WARN_ENUM_CONVERSION = YES;
				CLANG_WARN_INFINITE_RECURSION = YES;
				CLANG_WARN_INT_CONVERSION = YES;
				CLANG_WARN_OBJC_ROOT_CLASS = YES_ERROR;
				CLANG_WARN_SUSPICIOUS_MOVE = YES;
				CLANG_WARN_UNREACHABLE_CODE = YES;
				CLANG_WARN__DUPLICATE_METHOD_MATCH = YES;
				"CODE_SIGN_IDENTITY[sdk=iphoneos*]" = "iPhone Developer";
				COPY_PHASE_STRIP = NO;
				DEBUG_INFORMATION_FORMAT = dwarf;
				ENABLE_STRICT_OBJC_MSGSEND = YES;
				ENABLE_TESTABILITY = YES;
				GCC_C_LANGUAGE_STANDARD = gnu99;
				GCC_DYNAMIC_NO_PIC = NO;
				GCC_NO_COMMON_BLOCKS = YES;
				GCC_OPTIMIZATION_LEVEL = 0;
				GCC_PREPROCESSOR_DEFINITIONS = (
					"DEBUG=1",
					"$(inherited)",
				);
				GCC_WARN_64_TO_32_BIT_CONVERSION = YES;
				GCC_WARN_ABOUT_RETURN_TYPE = YES_ERROR;
				GCC_WARN_UNDECLARED_SELECTOR = YES;
				GCC_WARN_UNINITIALIZED_AUTOS = YES_AGGRESSIVE;
				GCC_WARN_UNUSED_FUNCTION = YES;
				GCC_WARN_UNUSED_VARIABLE = YES;
				IPHONEOS_DEPLOYMENT_TARGET = 10.3;
				MTL_ENABLE_DEBUG_INFO = YES;
				ONLY_ACTIVE_ARCH = YES;
				SDKROOT = iphoneos;
				SWIFT_ACTIVE_COMPILATION_CONDITIONS = DEBUG;
				SWIFT_OPTIMIZATION_LEVEL = "-Onone";
			};
			name = Debug;
		};
		20952D251F5AAD860066D2F1 /* Release */ = {
			isa = XCBuildConfiguration;
			buildSettings = {
				ALWAYS_SEARCH_USER_PATHS = NO;
				CLANG_ANALYZER_NONNULL = YES;
				CLANG_ANALYZER_NUMBER_OBJECT_CONVERSION = YES_AGGRESSIVE;
				CLANG_CXX_LANGUAGE_STANDARD = "gnu++0x";
				CLANG_CXX_LIBRARY = "libc++";
				CLANG_ENABLE_MODULES = YES;
				CLANG_ENABLE_OBJC_ARC = YES;
				CLANG_WARN_BOOL_CONVERSION = YES;
				CLANG_WARN_CONSTANT_CONVERSION = YES;
				CLANG_WARN_DIRECT_OBJC_ISA_USAGE = YES_ERROR;
				CLANG_WARN_DOCUMENTATION_COMMENTS = YES;
				CLANG_WARN_EMPTY_BODY = YES;
				CLANG_WARN_ENUM_CONVERSION = YES;
				CLANG_WARN_INFINITE_RECURSION = YES;
				CLANG_WARN_INT_CONVERSION = YES;
				CLANG_WARN_OBJC_ROOT_CLASS = YES_ERROR;
				CLANG_WARN_SUSPICIOUS_MOVE = YES;
				CLANG_WARN_UNREACHABLE_CODE = YES;
				CLANG_WARN__DUPLICATE_METHOD_MATCH = YES;
				"CODE_SIGN_IDENTITY[sdk=iphoneos*]" = "iPhone Developer";
				COPY_PHASE_STRIP = NO;
				DEBUG_INFORMATION_FORMAT = "dwarf-with-dsym";
				ENABLE_NS_ASSERTIONS = NO;
				ENABLE_STRICT_OBJC_MSGSEND = YES;
				GCC_C_LANGUAGE_STANDARD = gnu99;
				GCC_NO_COMMON_BLOCKS = YES;
				GCC_WARN_64_TO_32_BIT_CONVERSION = YES;
				GCC_WARN_ABOUT_RETURN_TYPE = YES_ERROR;
				GCC_WARN_UNDECLARED_SELECTOR = YES;
				GCC_WARN_UNINITIALIZED_AUTOS = YES_AGGRESSIVE;
				GCC_WARN_UNUSED_FUNCTION = YES;
				GCC_WARN_UNUSED_VARIABLE = YES;
				IPHONEOS_DEPLOYMENT_TARGET = 10.3;
				MTL_ENABLE_DEBUG_INFO = NO;
				SDKROOT = iphoneos;
				SWIFT_OPTIMIZATION_LEVEL = "-Owholemodule";
				VALIDATE_PRODUCT = YES;
			};
			name = Release;
		};
		20952D271F5AAD860066D2F1 /* Debug */ = {
			isa = XCBuildConfiguration;
			buildSettings = {
				ASSETCATALOG_COMPILER_APPICON_NAME = AppIcon;
				INFOPLIST_FILE = coredataexample/Info.plist;
				LD_RUNPATH_SEARCH_PATHS = "$(inherited) @executable_path/Frameworks";
				PRODUCT_BUNDLE_IDENTIFIER = mesadkaya.coredataexample;
				PRODUCT_NAME = "$(TARGET_NAME)";
				SWIFT_VERSION = 3.0;
			};
			name = Debug;
		};
		20952D281F5AAD860066D2F1 /* Release */ = {
			isa = XCBuildConfiguration;
			buildSettings = {
				ASSETCATALOG_COMPILER_APPICON_NAME = AppIcon;
				INFOPLIST_FILE = coredataexample/Info.plist;
				LD_RUNPATH_SEARCH_PATHS = "$(inherited) @executable_path/Frameworks";
				PRODUCT_BUNDLE_IDENTIFIER = mesadkaya.coredataexample;
				PRODUCT_NAME = "$(TARGET_NAME)";
				SWIFT_VERSION = 3.0;
			};
			name = Release;
		};
/* End XCBuildConfiguration section */

/* Begin XCConfigurationList section */
		20952D0C1F5AAD860066D2F1 /* Build configuration list for PBXProject "coredataexample" */ = {
			isa = XCConfigurationList;
			buildConfigurations = (
				20952D241F5AAD860066D2F1 /* Debug */,
				20952D251F5AAD860066D2F1 /* Release */,
			);
			defaultConfigurationIsVisible = 0;
			defaultConfigurationName = Release;
		};
		20952D261F5AAD860066D2F1 /* Build configuration list for PBXNativeTarget "coredataexample" */ = {
			isa = XCConfigurationList;
			buildConfigurations = (
				20952D271F5AAD860066D2F1 /* Debug */,
				20952D281F5AAD860066D2F1 /* Release */,
			);
			defaultConfigurationIsVisible = 0;
		};
/* End XCConfigurationList section */

/* Begin XCVersionGroup section */
		20952D1B1F5AAD860066D2F1 /* coredataexample.xcdatamodeld */ = {
			isa = XCVersionGroup;
			children = (
				20952D1C1F5AAD860066D2F1 /* coredataexample.xcdatamodel */,
			);
			currentVersion = 20952D1C1F5AAD860066D2F1 /* coredataexample.xcdatamodel */;
			path = coredataexample.xcdatamodeld;
			sourceTree = "<group>";
			versionGroupType = wrapper.xcdatamodel;
		};
/* End XCVersionGroup section */
	};
	rootObject = 20952D091F5AAD860066D2F1 /* Project object */;
}
